
Microsoft Visual Studio Solution File, Format Version 12.00
# Visual Studio Version 17
VisualStudioVersion = 17.8.34330.188
MinimumVisualStudioVersion = 10.0.40219.1
Project("{FAE04EC0-301F-11D3-BF4B-00C04F79EFBC}") = "CodingHelperWPF", "CodingHelperWPF\CodingHelperWPF.csproj", "{70DF622C-92C9-47CF-A267-BA7B063143A0}"
EndProject
Global
	GlobalSection(SolutionConfigurationPlatforms) = preSolution
		Debug|Any CPU = Debug|Any CPU
		Release|Any CPU = Release|Any CPU
	EndGlobalSection
	GlobalSection(ProjectConfigurationPlatforms) = postSolution
		{70DF622C-92C9-47CF-A267-BA7B063143A0}.Debug|Any CPU.ActiveCfg = Debug|Any CPU
		{70DF622C-92C9-47CF-A267-BA7B063143A0}.Debug|Any CPU.Build.0 = Debug|Any CPU
		{70DF622C-92C9-47CF-A267-BA7B063143A0}.Release|Any CPU.ActiveCfg = Release|Any CPU
		{70DF622C-92C9-47CF-A267-BA7B063143A0}.Release|Any CPU.Build.0 = Release|Any CPU
	EndGlobalSection
	GlobalSection(SolutionProperties) = preSolution
		HideSolutionNode = FALSE
	EndGlobalSection
	GlobalSection(ExtensibilityGlobals) = postSolution
		SolutionGuid = {886DDA55-F3F0-4070-B118-935C76EF8FD2}
	EndGlobalSection
EndGlobal
